uuid: dd57637c-42df-49c7-9d81-c8f206388593
langcode: en
status: true
dependencies:
  config:
    - image.style.horizontal_side_
    - image.style.horizontal_side_block
    - image.style.horizontal_side_block_mobile
  theme:
    - racctheme
id: side_block
label: 'Side Block'
image_style_mappings:
  -
    breakpoint_id: racctheme.wide
    multiplier: 1x
    image_mapping_type: image_style
    image_mapping: horizontal_side_block
  -
    breakpoint_id: racctheme.narrow
    multiplier: 1x
    image_mapping_type: sizes
    image_mapping:
      sizes: '(min-width: 52em) 40vw, 90vw'
      sizes_image_styles:
        - horizontal_side_
        - horizontal_side_block_mobile
  -
    breakpoint_id: racctheme.mobile
    multiplier: 1x
    image_mapping_type: image_style
    image_mapping: horizontal_side_block_mobile
breakpoint_group: racctheme
fallback_image_style: horizontal_side_
